version = 2
digest_scheme = 2

[[symbol]]
identity = "crates/clocx/src/git.rs"
symref = "crates/clocx/src/git.rs"
sig = "af1349b9f5f9a1a6a0404dea36dcc9499bcb25c9adc112b7cc9a93cae41f3262"
body = "71e7b3302d8a94519ed9deb70f0c56c66dee249e2d1e63464aec8c4c218f4670"
doc = "af1349b9f5f9a1a6a0404dea36dcc9499bcb25c9adc112b7cc9a93cae41f3262"
attr = "af1349b9f5f9a1a6a0404dea36dcc9499bcb25c9adc112b7cc9a93cae41f3262"
contract = "af1349b9f5f9a1a6a0404dea36dcc9499bcb25c9adc112b7cc9a93cae41f3262"
acked_by = "lognd <logan@logandapp.com>"
acked_at = "2026-10-03T12:19:49.907119039Z"

[[symbol]]
identity = "crates/clocx/src/git.rs::GitError"
symref = "crates/clocx/src/git.rs::GitError"
sig = "1e56d4cf037e779bf496a28e3692ed6753f608a64056937b3ed98ea1f925ca9d"
body = "625e232eab81738268e933379fd597c3806c49aa3caf3a905c7d71aa50b1cdde"
doc = "a47716a0202bfc98bf2c9de9c14b0e88f78f36e1c37b6119898fedb30a8ef15f"
attr = "00c2268214de6fbf00c244d9beef1e1196dd9859ecdbea83315b5a0860d778ed"
contract = "60f8018af9f4fa6ad9ddf56084ed16f9ac891cf3d1e6a1c05f444806550094fe"
acked_by = "lognd <logan@logandapp.com>"
acked_at = "2026-10-03T12:19:49.907119039Z"

[[symbol]]
identity = "crates/clocx/src/git.rs::GitError.Bare"
symref = "crates/clocx/src/git.rs::GitError.Bare"
sig = "f9695207327824f25c1689bd8fe4c28f6a5a7472208d351370864d53c7fb60cf"
body = "af1349b9f5f9a1a6a0404dea36dcc9499bcb25c9adc112b7cc9a93cae41f3262"
doc = "475612a8e528e9c331ea8e596b06e70525af3c79b23eca5d63810b9583f90ac8"
attr = "fecfbae38b0e8d11f1e8ec92a939139e6503ee4f183ef10921a96e9e54289b76"
contract = "2bc447f19200af50db63456d977fd89b4505d6028f81547b7e51d7358b0a1e92"
acked_by = "lognd <logan@logandapp.com>"
acked_at = "2026-10-03T12:19:49.907119039Z"

[[symbol]]
identity = "crates/clocx/src/git.rs::GitError.NotARepo"
symref = "crates/clocx/src/git.rs::GitError.NotARepo"
sig = "f69951c257221cf51052de1f933ab03685e40ad87de94f0f98ec62a4dc39ee86"
body = "af1349b9f5f9a1a6a0404dea36dcc9499bcb25c9adc112b7cc9a93cae41f3262"
doc = "9528da4af307ddfb8d0c85063484a04611dff80cd33ef028fb2fa4381546f29c"
attr = "123e5fd1c8e34c0f99d686143dc05e17132aeb2a6bed80d277419fd259f91fb5"
contract = "2f7a518efdd1b9baf04c60d2d5e54527c66afcda1ff65aadf9890f92b60c9404"
acked_by = "lognd <logan@logandapp.com>"
acked_at = "2026-10-03T12:19:49.907119039Z"

[[symbol]]
identity = "crates/clocx/src/git.rs::GitError.Read"
symref = "crates/clocx/src/git.rs::GitError.Read"
sig = "a379ced7ace7ce3fc09d9915da2aeddd23b7d57b9af2c07a2a8b14c83532812f"
body = "7c321b704c91889683beb7a926113bc01f4ed1aeb9dd6b961873d7d2f939726f"
doc = "486c841ee39c707806b79ad44c21d7413e242d576f47f117eda07a91bd1cdef6"
attr = "a79c50e66f1a2a60ad3dc2bfc2c1f17bad79b4ae6ea86318cdd1cb8bd424ab2a"
contract = "0fd6ebbfd7b29245b33238545fe8fb4afaec8c6649c221cfad6c24ecd7030591"
acked_by = "lognd <logan@logandapp.com>"
acked_at = "2026-10-03T12:19:49.907119039Z"

[[symbol]]
identity = "crates/clocx/src/git.rs::Repo"
symref = "crates/clocx/src/git.rs::Repo"
sig = "8f90ed60efe93d48568bfba276ad348d395071b16e87ad7cb0cdf20bc9cf8cd0"
body = "2a306e87307811d6d7ed9dfb332495c7e7ff3e73b86ff4a666d10b65a6037d77"
doc = "b2db6e270ea825c607710d590c5c8251f0f61432c22b5457e1f76b5472eb1586"
attr = "124743c0fea29c88185bb838d63416294fe5371f04fb7d86db89c9773c82f500"
contract = "88d47ec5ef585c5ac5a298f4a7137877d68e4de0e262b740617aa53318255abc"
acked_by = "lognd <logan@logandapp.com>"
acked_at = "2026-10-03T12:19:49.907119039Z"

[[symbol]]
identity = "crates/clocx/src/git.rs::Repo.discover"
symref = "crates/clocx/src/git.rs::Repo.discover"
sig = "df90b4d76b5858dc7963cd84f116c2eeacf7c5832c3a5f21dff3ddd7ae797775"
body = "f7b32e2f5ab4120bc410f963e96b44c2b0a283cc6a4f3b020e73dc28c2c28274"
doc = "9b4b4adf948f5307adba6596d9885387ad7338a461f49e16d668e866acb50550"
attr = "951c4d28cb2e430874d0ddd2e80769ef3f060cec29823401de85ee2ee070f394"
contract = "645b442b27bcd1f2e8cb96d446991e61d2808ab62d4ffa5df3f9459a2195eaa2"
acked_by = "lognd <logan@logandapp.com>"
acked_at = "2026-10-03T12:19:49.907119039Z"

[[symbol]]
identity = "crates/clocx/src/git.rs::Repo.relative"
symref = "crates/clocx/src/git.rs::Repo.relative"
sig = "644d8502efb5b6a04922b1056086e3d27e0e588ec7c6df728bd7befea0cb8d78"
body = "414e03b1079efc64f7230c9cdb0ee30549937369022981f5e5e90f36342d6bcf"
doc = "8033182b9e8749963b14f546c4f3a6faaf7106fee151e54a459053a28534f472"
attr = "23149ba3e2c0f02e8d2191b40c57176eac6f09397681d58fe1a16d34c49b044f"
contract = "552d63698fa5d9079acd6f851252a10d03834f32015356655ab6ef05f434aa2b"
acked_by = "lognd <logan@logandapp.com>"
acked_at = "2026-10-03T12:19:49.907119039Z"

[[symbol]]
identity = "crates/clocx/src/git.rs::Repo[impl]"
symref = "crates/clocx/src/git.rs::Repo[impl]"
sig = "5778f1c88601bedb9c64f5f970a8f4c9ae81fc57ee66a456ae202f980786ba54"
body = "0a9568f7c54562d0a06bd7093684ef62ec6a70d85ae2460eae00b9e7fed317b5"
doc = "af1349b9f5f9a1a6a0404dea36dcc9499bcb25c9adc112b7cc9a93cae41f3262"
attr = "af1349b9f5f9a1a6a0404dea36dcc9499bcb25c9adc112b7cc9a93cae41f3262"
contract = "af88fe1e29b066eb5f2fab341a9ed6ce6e11b63283bcc1c5b6559f955798c68f"
acked_by = "lognd <logan@logandapp.com>"
acked_at = "2026-10-03T12:19:49.907119039Z"

[[symbol]]
identity = "crates/clocx/src/git.rs::read_err"
symref = "crates/clocx/src/git.rs::read_err"
sig = "426762a926d15feb2e4fb1d55fc19c48ef0e866639b2782249fc90453ae6b6e3"
body = "afea1e8df5be8f2aef99c7bd88ccdf8828090b1978838d256f6dfa73586f7787"
doc = "909cb0a640029b8ec2b9b2e834bc26092bbd424adde63a60fd3e1b7f37154300"
attr = "64ecdf7c4b7757d11c624a6c33f65e4127a5d642d0c5ae2cbd584d13f814c5e8"
contract = "c9f34e6ca8d45691e7171efa4afe9952c92865a818ad65e9cbc47ec0544e5345"
acked_by = "lognd <logan@logandapp.com>"
acked_at = "2026-10-03T12:19:49.907119039Z"

[[symbol]]
identity = "crates/clocx/src/git.rs::testrepo"
symref = "crates/clocx/src/git.rs::testrepo"
sig = "32bf7f9b3b84fbc9aec04679b972d804c474007d06ff8ef22a5486e7697620e6"
body = "e808f53aab682e48f48850d88f2b3910e1f611ecfab020eb59b956c055ed40b8"
doc = "cdccab8c21c1c1c788f6502459748631e3e4ce61f8a6d2f8d381250d6c359cb4"
attr = "dade9a9882a050ee7ff57ecf5d395fc2505e356551b6fc741642365735f518d0"
contract = "0034ec319eb56ace79b6f8a25f6e059e1987c4945e97f489353f9d3dfc171ab3"
acked_by = "lognd <logan@logandapp.com>"
acked_at = "2026-10-03T12:19:49.907119039Z"

[[symbol]]
identity = "crates/clocx/src/git.rs::testrepo.TestRepo"
symref = "crates/clocx/src/git.rs::testrepo.TestRepo"
sig = "9d7cd2fccb8979c40b87d92f320ea373324f0c103e5601ddabed951f9c9f15c8"
body = "38772aa03b3384c3e32a2db2fff2d617046d4fa470c1ff11a15943a7efb2d24d"
doc = "ebc82906d4bca5e03301132ee9d8a16ce96d3037907efc4b1b570c74c614af79"
attr = "124743c0fea29c88185bb838d63416294fe5371f04fb7d86db89c9773c82f500"
contract = "88d47ec5ef585c5ac5a298f4a7137877d68e4de0e262b740617aa53318255abc"
acked_by = "lognd <logan@logandapp.com>"
acked_at = "2026-10-03T12:19:49.907119039Z"

[[symbol]]
identity = "crates/clocx/src/git.rs::testrepo.TestRepo.commit"
symref = "crates/clocx/src/git.rs::testrepo.TestRepo.commit"
sig = "17cbc565107a909b8e123b2a24e06a20703317e559233566b6b31c762cdd0294"
body = "4db0d77b16261cb0121bc16cfdaf95eee7801b7d00f6a88e062c7a5483190c01"
doc = "bb512b1fe1e3341e039dabec0779f899be576314b738b3d0e9b6bad943c9f228"
attr = "8f01fa7bda67f04f672d9af4704b7d893317411d674ed2c1196128a746edce90"
contract = "7056d0a439f4a871f48f5f495f490b6ae5aef33434c48da944b738070414dc59"
acked_by = "lognd <logan@logandapp.com>"
acked_at = "2026-10-03T12:19:49.907119039Z"

[[symbol]]
identity = "crates/clocx/src/git.rs::testrepo.TestRepo.default"
symref = "crates/clocx/src/git.rs::testrepo.TestRepo.default"
sig = "9c6be63441380ebf5b3b73df9d00be831209cdf2afa9c9a554ad3ceb364572b1"
body = "457282779f8bbbfc830f5d5e7cb395c684ad3538c90ccf19e96bd72b572ae60b"
doc = "af1349b9f5f9a1a6a0404dea36dcc9499bcb25c9adc112b7cc9a93cae41f3262"
attr = "e0976f259e86a046aac39d7bc2b1f376c4f70399e776a4454453a2cb58464ef1"
contract = "5a9f301798741ca290a393b90a66bb2a8b70e893a8c06be8007b6ff82ef7ca58"
acked_by = "lognd <logan@logandapp.com>"
acked_at = "2026-10-03T12:19:49.907119039Z"

[[symbol]]
identity = "crates/clocx/src/git.rs::testrepo.TestRepo.git"
symref = "crates/clocx/src/git.rs::testrepo.TestRepo.git"
sig = "5db17e25afd3f4bf907a27839872c8992744a406af544b05816fbaf4da171070"
body = "0cf3330ce51654ffda3ba4490798c86c380534352edc5d04fae0db8c60688376"
doc = "a180b1c0e1167d266779e4a48ab3cf8d6dc642bb1086e03be2fa2e61cfcb9802"
attr = "f320516cd8df2b160cacbe7dcb516f7c7c8d65ed39d2ab2568608e572737e7f9"
contract = "a3c211b6297662908ad91bbcb4bc078eeda7933f45b759163da759d99b3c5938"
acked_by = "lognd <logan@logandapp.com>"
acked_at = "2026-10-03T12:19:49.907119039Z"

[[symbol]]
identity = "crates/clocx/src/git.rs::testrepo.TestRepo.git_at"
symref = "crates/clocx/src/git.rs::testrepo.TestRepo.git_at"
sig = "b5d60da7f085b01ce0608deff83a4091f7874d0e5470898f8b8dc0174b474b52"
body = "b2eb84b78e7048c6a78028e7001b9906197d3b423c954eb7d42fb18e24df0907"
doc = "e16f66930201a87412d9ce4ad00446c9eafd6003e648f3151a89a3f945fe709a"
attr = "13f1843a53c517f986a05c7d73e4d4b8b6227b6fb9ac45b55d9001c0f31b0f53"
contract = "3c31d296889da860e3a01fa01a39a113f11cd98ceeed52efb68a33fa5c5f738c"
acked_by = "lognd <logan@logandapp.com>"
acked_at = "2026-10-03T12:19:49.907119039Z"

[[symbol]]
identity = "crates/clocx/src/git.rs::testrepo.TestRepo.merge"
symref = "crates/clocx/src/git.rs::testrepo.TestRepo.merge"
sig = "7359b42165c25407bc0d72399dc7d35a2e1c9c9a4be45899de9b08346912f44a"
body = "1e0c7c512a6a9922cb25a7f37fe4793a2976104de5fcdb30d6587a42fb3939ab"
doc = "cf4df04fc6f7d339893d8d5eb9128cbae2eaf6d58655bca129a75630e2adbfd1"
attr = "8f01fa7bda67f04f672d9af4704b7d893317411d674ed2c1196128a746edce90"
contract = "7056d0a439f4a871f48f5f495f490b6ae5aef33434c48da944b738070414dc59"
acked_by = "lognd <logan@logandapp.com>"
acked_at = "2026-10-03T12:19:49.907119039Z"

[[symbol]]
identity = "crates/clocx/src/git.rs::testrepo.TestRepo.new"
symref = "crates/clocx/src/git.rs::testrepo.TestRepo.new"
sig = "15da24f24589cb49fb3f8d2fc3cf10291f7355073449ada7bb3e3c124a87c66e"
body = "bb0603bcf99207864d6294d6faad0f2ddd3d4787cc0368ef74031dd3e8d471dd"
doc = "ac20b97eb8d27e451a4c48064acad9afd26041d064e61e2dc56f9c3dd6612c12"
attr = "1d4691c4c918acf3072883ff2d7a8fd73c8bc282a43b5b21b31c0894f6092e47"
contract = "58fb9046e91bf25962a49eb220c6e88d57a339287dfb8983828bb14d757305b1"
acked_by = "lognd <logan@logandapp.com>"
acked_at = "2026-10-03T12:19:49.907119039Z"

[[symbol]]
identity = "crates/clocx/src/git.rs::testrepo.TestRepo.open"
symref = "crates/clocx/src/git.rs::testrepo.TestRepo.open"
sig = "3cdca1992a6072c65ad4e6fc911da0d98fa7881a3dcaea0aba31b59b3b33138a"
body = "77de2cc83ef19076eb7462026f172d3cb3e720d525ea0f24a8d14f02efb6abf7"
doc = "1fb135394257bcace4c98497f9ebf03487d02a2749dbe9fd9db588ce70cb3264"
attr = "ff5aa8eb8713579fa3aef69be045c19d8836b572533bd7cef1be1d72a558ee84"
contract = "eeb7c77a74b9f3abc9ca95328ea992f356a25219332c8257b9f5f5387c4d20d2"
acked_by = "lognd <logan@logandapp.com>"
acked_at = "2026-10-03T12:19:49.907119039Z"

[[symbol]]
identity = "crates/clocx/src/git.rs::testrepo.TestRepo.open_at"
symref = "crates/clocx/src/git.rs::testrepo.TestRepo.open_at"
sig = "8bae9ca7877cad80d3b20362ca96ad0e6562da85766e125effdf34312188bfee"
body = "19d89c02a6d5111a4b1e6eb5857fa7b4595cac30934e0370d00b15b151baf44b"
doc = "770c7490b38be526043889fece0a94a9cb7f4bb9b99f899e17e67c61e3082a51"
attr = "08eb60ebfbd0d2c69ac09a1eaf062c4c41c0de7cf180cee3c2e982dfe521443f"
contract = "1ba7cf9c0d45eb2e130d14ac5a021de539d1df429301c67354437b57d7d43525"
acked_by = "lognd <logan@logandapp.com>"
acked_at = "2026-10-03T12:19:49.907119039Z"

[[symbol]]
identity = "crates/clocx/src/git.rs::testrepo.TestRepo.path"
symref = "crates/clocx/src/git.rs::testrepo.TestRepo.path"
sig = "549badfc74f8199b2624d70df5c689a05a6c52b40c4f1ec34648f66d23f571e9"
body = "e543c3a475088f29be54341ed1852cd6901ad95e4586fd027937cf199d3d9cdf"
doc = "ae0cc578906aa8334d639cfd9a4e6c45938df97f1389fc0763f0c0ef4f5991a0"
attr = "e2b759afb165b013ca5d71dd5ed377f92da1255d37f539864a711b072ec8c3fa"
contract = "540fdc16ed57f34dac62f01b3602d7bd0b36316fdad6ec3260ec76e689b031cd"
acked_by = "lognd <logan@logandapp.com>"
acked_at = "2026-10-03T12:19:49.907119039Z"

[[symbol]]
identity = "crates/clocx/src/git.rs::testrepo.TestRepo.write"
symref = "crates/clocx/src/git.rs::testrepo.TestRepo.write"
sig = "0a97a7792aad2893a7d66a1651588423576e1f1c7c7c4f219d1a55af74568bf7"
body = "f285b4b5d9b8e1d6224d0010303d7ffbf88792c23ebbe74b5d190d7afaaf187a"
doc = "70cb1c84b6c395ce26aabb85fc36491ec2aae034e00b89ffb3be3b2d3f1ca488"
attr = "8f01fa7bda67f04f672d9af4704b7d893317411d674ed2c1196128a746edce90"
contract = "c50eaec6fe485b738d119b74ed9394064640c4c6b9fdd535f82f543d52797821"
acked_by = "lognd <logan@logandapp.com>"
acked_at = "2026-10-03T12:19:49.907119039Z"

[[symbol]]
identity = "crates/clocx/src/git.rs::testrepo.TestRepo[Default]"
symref = "crates/clocx/src/git.rs::testrepo.TestRepo[Default]"
sig = "cfe410dcedc157bc551dc25a5685f1ebb49d6985573ef77af22e1c39a8e80f76"
body = "f64f7051008531804e2cd4dad821b54c58a791e620d303043986f202fe0c7748"
doc = "af1349b9f5f9a1a6a0404dea36dcc9499bcb25c9adc112b7cc9a93cae41f3262"
attr = "83b1957a965025d9eada4acfd360b1fd43fae36a2e8787bac7d2a7b5795a0667"
contract = "ad419a7f7daa6089a95af8cd9d88ae305e66cde0c7d94d9702462fcafd4f39ea"
acked_by = "lognd <logan@logandapp.com>"
acked_at = "2026-10-03T12:19:49.907119039Z"

[[symbol]]
identity = "crates/clocx/src/git.rs::testrepo.TestRepo[impl]"
symref = "crates/clocx/src/git.rs::testrepo.TestRepo[impl]"
sig = "6a5c8c75b137c9c4cf35153df0f0ea171a62e02a0b323831011482da4e501772"
body = "def5d391ea65f244e7a63f249760b1d195e3c9ea17f9f1e78ebdbaef8fbc0e88"
doc = "af1349b9f5f9a1a6a0404dea36dcc9499bcb25c9adc112b7cc9a93cae41f3262"
attr = "af1349b9f5f9a1a6a0404dea36dcc9499bcb25c9adc112b7cc9a93cae41f3262"
contract = "7d6608e192335633352733cf0b086fa3e2ae5790b4918ecb971ae015e823c624"
acked_by = "lognd <logan@logandapp.com>"
acked_at = "2026-10-03T12:19:49.907119039Z"

[[symbol]]
identity = "crates/clocx/src/git.rs::tests"
symref = "crates/clocx/src/git.rs::tests"
sig = "5f7e95cb480785c3a423257546c227aa5707125db96495e822a3cbecb547e068"
body = "475e8b38041d294b3bba2d3e3f06c8fe709faef3ab4e6c7385a8753e5fa42ed7"
doc = "af1349b9f5f9a1a6a0404dea36dcc9499bcb25c9adc112b7cc9a93cae41f3262"
attr = "9238683eeaedc18685b970478ad4825a1a435b672ea864882410ad9ec6c5b66f"
contract = "eef0156898c1a2f6987bb2a114ce36898520addb285b8e6fe385cd99e5ae5269"
acked_by = "lognd <logan@logandapp.com>"
acked_at = "2026-10-03T12:19:49.907119039Z"

[[symbol]]
identity = "crates/clocx/src/git.rs::tests.outside_a_repository_is_not_a_repo"
symref = "crates/clocx/src/git.rs::tests.outside_a_repository_is_not_a_repo"
sig = "326634b855b06b3683a3b8dceec44e7f4d2da3ef6e52f80a9ba0341c015f1889"
body = "3b0d8bed2df4fb9e2a820278a2fddee7ddb223d49ce5e6257fab732e042bfc6a"
doc = "af1349b9f5f9a1a6a0404dea36dcc9499bcb25c9adc112b7cc9a93cae41f3262"
attr = "5d5112f4f4c5bd203fe825f6e45068c972e1b4a49aa4d4ec02f0a5a34dfcad61"
contract = "c7f882324869886d6b17fd66fc32c94caffedee22b8456bc61dcd6442bb09c1c"
acked_by = "lognd <logan@logandapp.com>"
acked_at = "2026-10-03T12:19:49.907119039Z"

[[symbol]]
identity = "crates/clocx/src/git.rs::tests.relative_paths_respect_the_prefix"
symref = "crates/clocx/src/git.rs::tests.relative_paths_respect_the_prefix"
sig = "4c0e2a3f5ea9e1bdc6f5079454c14c4e90c1f6828cab5aa90d3a41794c8fc5b5"
body = "66ed8cd1727af1b5dcbce3db4e5bb51fe53a4d21844c96e6445cf069ef0cdb32"
doc = "af1349b9f5f9a1a6a0404dea36dcc9499bcb25c9adc112b7cc9a93cae41f3262"
attr = "5d5112f4f4c5bd203fe825f6e45068c972e1b4a49aa4d4ec02f0a5a34dfcad61"
contract = "c7f882324869886d6b17fd66fc32c94caffedee22b8456bc61dcd6442bb09c1c"
acked_by = "lognd <logan@logandapp.com>"
acked_at = "2026-10-03T12:19:49.907119039Z"

[[symbol]]
identity = "crates/clocx/src/git.rs::tests.with_prefix"
symref = "crates/clocx/src/git.rs::tests.with_prefix"
sig = "a52f51d38ff824874fb4d79ec9565a223a601635416196052ee057537fde77e7"
body = "14013a8b9ea9e5b1e57cb00531ce68565b4650f59d138b0f39a8cee63d6df827"
doc = "af1349b9f5f9a1a6a0404dea36dcc9499bcb25c9adc112b7cc9a93cae41f3262"
attr = "6d7d862bbe19de42a3ce957ecf4111bcd6f076a89e32508895c2ddaac0a4ac87"
contract = "a6427389e774aacf15f1aaa313b4d314c20cb126c9fda3f8008c7340807620d2"
acked_by = "lognd <logan@logandapp.com>"
acked_at = "2026-10-03T12:19:49.907119039Z"

[[symbol]]
identity = "crates/clocx/src/lib.rs"
symref = "crates/clocx/src/lib.rs"
sig = "af1349b9f5f9a1a6a0404dea36dcc9499bcb25c9adc112b7cc9a93cae41f3262"
body = "470bfaeab9d6cd3fa0b1f3e7c6f2e1c2c3b90a71fdb47328f6959c306421ad1b"
doc = "af1349b9f5f9a1a6a0404dea36dcc9499bcb25c9adc112b7cc9a93cae41f3262"
attr = "af1349b9f5f9a1a6a0404dea36dcc9499bcb25c9adc112b7cc9a93cae41f3262"
contract = "af1349b9f5f9a1a6a0404dea36dcc9499bcb25c9adc112b7cc9a93cae41f3262"
acked_by = "lognd <logan@logandapp.com>"
acked_at = "2026-10-03T12:25:49.847238942Z"

[[symbol]]
identity = "crates/clocx/src/lib.rs::activity"
symref = "crates/clocx/src/lib.rs::activity"
sig = "537035b3bf111a5367d400fc203501902993a162c22d7215e170c55b612031a3"
body = "af1349b9f5f9a1a6a0404dea36dcc9499bcb25c9adc112b7cc9a93cae41f3262"
doc = "af1349b9f5f9a1a6a0404dea36dcc9499bcb25c9adc112b7cc9a93cae41f3262"
attr = "124743c0fea29c88185bb838d63416294fe5371f04fb7d86db89c9773c82f500"
contract = "aa81551872b12b0dac94b3696afd3d82170b88d9914fe685b5052dbc1bf6af87"
acked_by = "lognd <logan@logandapp.com>"
acked_at = "2026-10-03T12:19:49.907119039Z"

[[symbol]]
identity = "crates/clocx/src/lib.rs::activity_section"
symref = "crates/clocx/src/lib.rs::activity_section"
sig = "c87f8739fea54f4a2baeb349f8f8ca6a500769cf1d656afc89eaa9001ccaae6e"
body = "43b0444d04e15c363e8726a2b96aad5f01e54c1d43bd7c48b06113d0b81c0c12"
doc = "023191f1862c3e395750db5fadcdc55b665b0779512d8f916a5a3747f74c2f52"
attr = "5e0d53fd05e47e87f3653b6e28aaa1b94bab60857c886cdc0b0ff3ed83b09020"
contract = "a00a912a1c1c0897edbb89fc0632b8aaba12a40ffd1d36381e9d5bdf82eec761"
acked_by = "lognd <logan@logandapp.com>"
acked_at = "2026-10-03T12:25:49.847238942Z"

[[symbol]]
identity = "crates/clocx/src/lib.rs::build_report"
symref = "crates/clocx/src/lib.rs::build_report"
sig = "2dc6d6966479ca044aa34f50ed95e93355ffc0ffcf66a4d6bfa3226383a2d081"
body = "515de0a7df56bd57d563ba739af58bc1966393c7e6da36779a1c57b85dd8d271"
doc = "31a0db14c1176c82b43e9a8bacd0e09440a9efecea9d32e7a8b5d339650fbe05"
attr = "3aa50be34a4fe681ac055ad39e2d565c76ab8679cc58f5f8dfb352e8f41b298e"
contract = "6c1ee12b0b2ec5a340000c5a5e416ea98c75509af0d74cebf6da85eb930eead4"
acked_by = "lognd <logan@logandapp.com>"
acked_at = "2026-10-03T12:25:49.847238942Z"

[[symbol]]
identity = "crates/clocx/src/lib.rs::cache"
symref = "crates/clocx/src/lib.rs::cache"
sig = "8c240c1c0e1875f32736d69072f14f9605ecd19bf864d684e43afc128adea249"
body = "af1349b9f5f9a1a6a0404dea36dcc9499bcb25c9adc112b7cc9a93cae41f3262"
doc = "af1349b9f5f9a1a6a0404dea36dcc9499bcb25c9adc112b7cc9a93cae41f3262"
attr = "124743c0fea29c88185bb838d63416294fe5371f04fb7d86db89c9773c82f500"
contract = "aa81551872b12b0dac94b3696afd3d82170b88d9914fe685b5052dbc1bf6af87"
acked_by = "lognd <logan@logandapp.com>"
acked_at = "2026-10-03T12:06:26.384949189Z"

[[symbol]]
identity = "crates/clocx/src/lib.rs::cli"
symref = "crates/clocx/src/lib.rs::cli"
sig = "c76f19c7fa95c4ca618fd0209e13a7154eeb734bde59fa099380bcaf6e03f95a"
body = "af1349b9f5f9a1a6a0404dea36dcc9499bcb25c9adc112b7cc9a93cae41f3262"
doc = "af1349b9f5f9a1a6a0404dea36dcc9499bcb25c9adc112b7cc9a93cae41f3262"
attr = "124743c0fea29c88185bb838d63416294fe5371f04fb7d86db89c9773c82f500"
contract = "aa81551872b12b0dac94b3696afd3d82170b88d9914fe685b5052dbc1bf6af87"
acked_by = "lognd <logan@logandapp.com>"
acked_at = "2026-10-03T11:56:38.318851674Z"

[[symbol]]
identity = "crates/clocx/src/lib.rs::error"
symref = "crates/clocx/src/lib.rs::error"
sig = "2bd418fc4e2c1aaac939b3172188b5be830851aa41ea7718c7e7b1e4759099c1"
body = "af1349b9f5f9a1a6a0404dea36dcc9499bcb25c9adc112b7cc9a93cae41f3262"
doc = "af1349b9f5f9a1a6a0404dea36dcc9499bcb25c9adc112b7cc9a93cae41f3262"
attr = "124743c0fea29c88185bb838d63416294fe5371f04fb7d86db89c9773c82f500"
contract = "aa81551872b12b0dac94b3696afd3d82170b88d9914fe685b5052dbc1bf6af87"
acked_by = "lognd <logan@logandapp.com>"
acked_at = "2026-10-03T11:56:38.318851674Z"

[[symbol]]
identity = "crates/clocx/src/lib.rs::git"
symref = "crates/clocx/src/lib.rs::git"
sig = "d54b3d765688050a26aede74f4d006b164874fc4488f54f701a9c07f7912cca3"
body = "af1349b9f5f9a1a6a0404dea36dcc9499bcb25c9adc112b7cc9a93cae41f3262"
doc = "af1349b9f5f9a1a6a0404dea36dcc9499bcb25c9adc112b7cc9a93cae41f3262"
attr = "124743c0fea29c88185bb838d63416294fe5371f04fb7d86db89c9773c82f500"
contract = "aa81551872b12b0dac94b3696afd3d82170b88d9914fe685b5052dbc1bf6af87"
acked_by = "lognd <logan@logandapp.com>"
acked_at = "2026-10-03T12:19:49.907119039Z"

[[symbol]]
identity = "crates/clocx/src/lib.rs::logging"
symref = "crates/clocx/src/lib.rs::logging"
sig = "e7aa6ddf8559e10beda7a41ac5ac39f9f9968aaa6f033933ad1e1116d0f450d2"
body = "af1349b9f5f9a1a6a0404dea36dcc9499bcb25c9adc112b7cc9a93cae41f3262"
doc = "af1349b9f5f9a1a6a0404dea36dcc9499bcb25c9adc112b7cc9a93cae41f3262"
attr = "124743c0fea29c88185bb838d63416294fe5371f04fb7d86db89c9773c82f500"
contract = "aa81551872b12b0dac94b3696afd3d82170b88d9914fe685b5052dbc1bf6af87"
acked_by = "lognd <logan@logandapp.com>"
acked_at = "2026-10-03T11:56:38.318851674Z"

[[symbol]]
identity = "crates/clocx/src/lib.rs::model"
symref = "crates/clocx/src/lib.rs::model"
sig = "34afc10c7e15ee9f81ef4b0fe4a06a81cd3c1105148ca717439722491504ff53"
body = "af1349b9f5f9a1a6a0404dea36dcc9499bcb25c9adc112b7cc9a93cae41f3262"
doc = "af1349b9f5f9a1a6a0404dea36dcc9499bcb25c9adc112b7cc9a93cae41f3262"
attr = "124743c0fea29c88185bb838d63416294fe5371f04fb7d86db89c9773c82f500"
contract = "aa81551872b12b0dac94b3696afd3d82170b88d9914fe685b5052dbc1bf6af87"
acked_by = "lognd <logan@logandapp.com>"
acked_at = "2026-10-03T11:56:38.318851674Z"

[[symbol]]
identity = "crates/clocx/src/lib.rs::render"
symref = "crates/clocx/src/lib.rs::render"
sig = "198aed532695c30d68977373cc17fb95fbd6242c70d5ea50dcdd11c3fe8257be"
body = "af1349b9f5f9a1a6a0404dea36dcc9499bcb25c9adc112b7cc9a93cae41f3262"
doc = "af1349b9f5f9a1a6a0404dea36dcc9499bcb25c9adc112b7cc9a93cae41f3262"
attr = "124743c0fea29c88185bb838d63416294fe5371f04fb7d86db89c9773c82f500"
contract = "aa81551872b12b0dac94b3696afd3d82170b88d9914fe685b5052dbc1bf6af87"
acked_by = "lognd <logan@logandapp.com>"
acked_at = "2026-10-03T11:56:38.318851674Z"

[[symbol]]
identity = "crates/clocx/src/lib.rs::run"
symref = "crates/clocx/src/lib.rs::run"
sig = "9627d71e72af87308f067e7034b3636aeabdb0f377107e0ae6f37dd45abb3935"
body = "5ab878a0d128ba06bcb69ff5acc3f05c1327429aca36d30ca3133a5feb6f6e90"
doc = "c247eefe97ccf4181225436678d2ecdc1fc33f4d6ef0e3807a398c6865ff6c94"
attr = "ecc6767c1c2ca861d3d97230e1d8df0edc8537e533adc5200fb33dadc7cff031"
contract = "4e81102ebe88412a0d0ac92ee70ce2a36fcc8b2eb0602fa0968e3cd3b7694166"
acked_by = "lognd <logan@logandapp.com>"
acked_at = "2026-10-03T11:56:38.318851674Z"

[[symbol]]
identity = "crates/clocx/src/lib.rs::run_with"
symref = "crates/clocx/src/lib.rs::run_with"
sig = "b102913d225665e741329138d6b82731ae1c8129f04b59059af5e5f0d69fec1d"
body = "d800c88c44da8cebc0d0e21871c6e9fb4d55d3385248bdaf19cdcc4aa1ac8530"
doc = "d67f934b1e0c1f83c5a543f1900a60194b1f945d96fbef409b1f9b5fab39d327"
attr = "15389eaf2bc7f4cd08ee4ea1ef78eaecad55279560338946cdd8d496ad3585a0"
contract = "354db85b245e75865898cbe6fa94e173d1b9a2bd19c8b6dd034b9d992898717e"
acked_by = "lognd <logan@logandapp.com>"
acked_at = "2026-10-03T12:09:29.252741697Z"

[[symbol]]
identity = "crates/clocx/src/lib.rs::tests"
symref = "crates/clocx/src/lib.rs::tests"
sig = "5f7e95cb480785c3a423257546c227aa5707125db96495e822a3cbecb547e068"
body = "19092ed818e64e51e30f948fca31b53b0a24cfe6943d9f8f9cde385e75002761"
doc = "af1349b9f5f9a1a6a0404dea36dcc9499bcb25c9adc112b7cc9a93cae41f3262"
attr = "9238683eeaedc18685b970478ad4825a1a435b672ea864882410ad9ec6c5b66f"
contract = "eef0156898c1a2f6987bb2a114ce36898520addb285b8e6fe385cd99e5ae5269"
acked_by = "lognd <logan@logandapp.com>"
acked_at = "2026-10-03T12:06:26.384949189Z"

[[symbol]]
identity = "crates/clocx/src/lib.rs::tests.args"
symref = "crates/clocx/src/lib.rs::tests.args"
sig = "5e63581d9e1ce439789052320c11c6e3a43139db1008907c725a019873455e76"
body = "dbd3b15edb2468e3f46e20cbae87586021d6e93dfb47837c8ec49347f9905241"
doc = "af1349b9f5f9a1a6a0404dea36dcc9499bcb25c9adc112b7cc9a93cae41f3262"
attr = "fecdfe1627e50d9a1ab8e533251b4ffc88796df0b3332ad2eec19f03c291df3f"
contract = "e606130dca214cab837495bdb8bcd4b82d1b5493c2fb462848bac496a8ea8abb"
acked_by = "lognd <logan@logandapp.com>"
acked_at = "2026-10-03T12:06:26.384949189Z"

[[symbol]]
identity = "crates/clocx/src/lib.rs::tests.build_report_canonicalises_the_root"
symref = "crates/clocx/src/lib.rs::tests.build_report_canonicalises_the_root"
sig = "067130fe296b62546b85e48fc18be785f8c58831f75a8c293aaac8b047998cd8"
body = "0ef47d7a39c289b9b5cda4ea6ddb12a1bb44ed5ca5fcb31f8c6df24e7add6266"
doc = "af1349b9f5f9a1a6a0404dea36dcc9499bcb25c9adc112b7cc9a93cae41f3262"
attr = "5d5112f4f4c5bd203fe825f6e45068c972e1b4a49aa4d4ec02f0a5a34dfcad61"
contract = "c7f882324869886d6b17fd66fc32c94caffedee22b8456bc61dcd6442bb09c1c"
acked_by = "lognd <logan@logandapp.com>"
acked_at = "2026-10-03T11:56:38.318851674Z"

[[symbol]]
identity = "crates/clocx/src/lib.rs::tests.build_report_rejects_a_missing_root"
symref = "crates/clocx/src/lib.rs::tests.build_report_rejects_a_missing_root"
sig = "4da70e1a6e4b449cd4c2a8315796c131b88766274f8a60e904fdefd802ed44d7"
body = "f92246fccd01adff6951d298f4c5b7562115272b3cb6c16d88d59fb847dd6462"
doc = "af1349b9f5f9a1a6a0404dea36dcc9499bcb25c9adc112b7cc9a93cae41f3262"
attr = "5d5112f4f4c5bd203fe825f6e45068c972e1b4a49aa4d4ec02f0a5a34dfcad61"
contract = "c7f882324869886d6b17fd66fc32c94caffedee22b8456bc61dcd6442bb09c1c"
acked_by = "lognd <logan@logandapp.com>"
acked_at = "2026-10-03T11:56:38.318851674Z"

[[symbol]]
identity = "crates/clocx/src/lib.rs::tests.run_with_writes_the_report"
symref = "crates/clocx/src/lib.rs::tests.run_with_writes_the_report"
sig = "e7b68d814624e4b8fc59db69206d0fa53a36b6b686133621d8b653e49348d94d"
body = "425caaf56c0466aa7edffcb28d42f9522f5a23bd183ccb82d9230792e8f58d27"
doc = "af1349b9f5f9a1a6a0404dea36dcc9499bcb25c9adc112b7cc9a93cae41f3262"
attr = "5d5112f4f4c5bd203fe825f6e45068c972e1b4a49aa4d4ec02f0a5a34dfcad61"
contract = "c7f882324869886d6b17fd66fc32c94caffedee22b8456bc61dcd6442bb09c1c"
acked_by = "lognd <logan@logandapp.com>"
acked_at = "2026-10-03T11:56:38.318851674Z"

[[symbol]]
identity = "crates/clocx/src/lib.rs::totals"
symref = "crates/clocx/src/lib.rs::totals"
sig = "f6cee50eac67b1a70776c6167760b3329b5b758adf563422fcff199d7545de18"
body = "af1349b9f5f9a1a6a0404dea36dcc9499bcb25c9adc112b7cc9a93cae41f3262"
doc = "af1349b9f5f9a1a6a0404dea36dcc9499bcb25c9adc112b7cc9a93cae41f3262"
attr = "124743c0fea29c88185bb838d63416294fe5371f04fb7d86db89c9773c82f500"
contract = "aa81551872b12b0dac94b3696afd3d82170b88d9914fe685b5052dbc1bf6af87"
acked_by = "lognd <logan@logandapp.com>"
acked_at = "2026-10-03T12:06:26.384949189Z"

[[symbol]]
identity = "crates/clocx/src/lib.rs::worktrees"
symref = "crates/clocx/src/lib.rs::worktrees"
sig = "9b6f656012ea3be7ecbcd476622a1949343d39665261cf06a1c212a13417ccb6"
body = "af1349b9f5f9a1a6a0404dea36dcc9499bcb25c9adc112b7cc9a93cae41f3262"
doc = "af1349b9f5f9a1a6a0404dea36dcc9499bcb25c9adc112b7cc9a93cae41f3262"
attr = "124743c0fea29c88185bb838d63416294fe5371f04fb7d86db89c9773c82f500"
contract = "aa81551872b12b0dac94b3696afd3d82170b88d9914fe685b5052dbc1bf6af87"
acked_by = "lognd <logan@logandapp.com>"
acked_at = "2026-10-03T12:25:49.847238942Z"

[[symbol]]
identity = "crates/clocx/src/lib.rs::worktrees_section"
symref = "crates/clocx/src/lib.rs::worktrees_section"
sig = "1991a782762c529fff2c7ba9ffe58070ed80cfbdb5b71b05f361ecbc8ac96e0c"
body = "655ff7511c86510526300e470fa7cddce99083486898474d4fb3ae8d007aa44d"
doc = "a5317fc4e21c4ff323935ae21eba42fae88dbe64bb07a04571d36a68a44b645d"
attr = "d1a232d038c8afb82ae9f60b14d37316648591e5763a88e8118a4776365d6303"
contract = "fcfd542156e0e977a64a3533c42d8b583c9def2b4076e8a2f2859299f9e106b7"
acked_by = "lognd <logan@logandapp.com>"
acked_at = "2026-10-03T12:25:49.847238942Z"

[[symbol]]
identity = "crates/clocx/src/main.rs"
symref = "crates/clocx/src/main.rs"
sig = "af1349b9f5f9a1a6a0404dea36dcc9499bcb25c9adc112b7cc9a93cae41f3262"
body = "da390889b96f105ef05ac3579ba5f79d5ff0a4d438379390fdea8feb272ef9f0"
doc = "af1349b9f5f9a1a6a0404dea36dcc9499bcb25c9adc112b7cc9a93cae41f3262"
attr = "af1349b9f5f9a1a6a0404dea36dcc9499bcb25c9adc112b7cc9a93cae41f3262"
contract = "af1349b9f5f9a1a6a0404dea36dcc9499bcb25c9adc112b7cc9a93cae41f3262"
acked_by = "lognd <logan@logandapp.com>"
acked_at = "2026-10-03T12:06:26.384949189Z"

[[symbol]]
identity = "crates/clocx/src/main.rs::main"
symref = "crates/clocx/src/main.rs::main"
sig = "4a75df8e283c5fcc3b01d1125533059ef5d408f888474a1dc61d4315b2ad5381"
body = "15fe91f484d4c232f890f721676e94484ced827abca047d42cdb05fd3ee3fa09"
doc = "af1349b9f5f9a1a6a0404dea36dcc9499bcb25c9adc112b7cc9a93cae41f3262"
attr = "fd289a9441e0f595ea78ae13198b64aa75463fbab0bb950c74a620525e070cd3"
contract = "addfd4e0334502ab2c49f01bd2486199c693e2abe701a42b20d95f72de1abcd1"
acked_by = "lognd <logan@logandapp.com>"
acked_at = "2026-10-03T11:56:38.318851674Z"

[[symbol]]
identity = "crates/clocx/tests/cli.rs"
symref = "crates/clocx/tests/cli.rs"
sig = "af1349b9f5f9a1a6a0404dea36dcc9499bcb25c9adc112b7cc9a93cae41f3262"
body = "471ec6dc8fd8f0e03f5d5143c02e7bcf8a1d6111100400e3f3ba65e21fcbe585"
doc = "af1349b9f5f9a1a6a0404dea36dcc9499bcb25c9adc112b7cc9a93cae41f3262"
attr = "af1349b9f5f9a1a6a0404dea36dcc9499bcb25c9adc112b7cc9a93cae41f3262"
contract = "af1349b9f5f9a1a6a0404dea36dcc9499bcb25c9adc112b7cc9a93cae41f3262"
acked_by = "lognd <logan@logandapp.com>"
acked_at = "2026-10-03T12:25:49.847238942Z"

[[symbol]]
identity = "crates/clocx/tests/cli.rs::clocx"
symref = "crates/clocx/tests/cli.rs::clocx"
sig = "9601fa63fde0ef79b8617e08c7f6e2ea03d6e242c49cf85e1ee62875d8c8aafd"
body = "f490a9fa891026182a0b83c61baf0099d669d374a551039f035352a6f62cd634"
doc = "e4dcee91e10f80381b8ce53d6ea3a383aa5c1a0f4a02f96d5a5b12aa1373f794"
attr = "34ca47a4dc010f52a48657fd9822b94d00ec71fa4bd7d08844cb4cf2c3a6cbf0"
contract = "1eeef2982991d9a5cb3cc0efdbb8dfb9231698bab0681da109e47cda2b7060aa"
acked_by = "lognd <logan@logandapp.com>"
acked_at = "2026-10-03T12:06:26.384949189Z"

[[symbol]]
identity = "crates/clocx/tests/cli.rs::clocx_cached"
symref = "crates/clocx/tests/cli.rs::clocx_cached"
sig = "25ae11f097a3bbfad88f0bf92eb1dbf1b7e606bec151f90ef6de10b82eb7d333"
body = "546d63617e418dc1a61c13646e129b8e9c81c87b1940dbc42a7c3bd05d0814e8"
doc = "b8a8430556975c767165f1770148601630f82fa2b879f4aaebbdd3452f1bb33e"
attr = "9153714d5d3c59e66cb560e39b6a63714cfaf9447e38755260d265430c68671b"
contract = "4b031979602561e985e677989bea6fa3742a776184bc139ccb6bda89168bee61"
acked_by = "lognd <logan@logandapp.com>"
acked_at = "2026-10-03T12:06:26.384949189Z"

[[symbol]]
identity = "crates/clocx/tests/cli.rs::color_always_forces_escapes_into_a_pipe"
symref = "crates/clocx/tests/cli.rs::color_always_forces_escapes_into_a_pipe"
sig = "0e4521d6858cd8c6532bb71ba46b163f82fde281fc4fbc4ecb01b9a3def084ff"
body = "73a0875d4dff662331f78840ca0165f3dda545f9f8df450624860523dbb260bf"
doc = "af1349b9f5f9a1a6a0404dea36dcc9499bcb25c9adc112b7cc9a93cae41f3262"
attr = "5d5112f4f4c5bd203fe825f6e45068c972e1b4a49aa4d4ec02f0a5a34dfcad61"
contract = "c7f882324869886d6b17fd66fc32c94caffedee22b8456bc61dcd6442bb09c1c"
acked_by = "lognd <logan@logandapp.com>"
acked_at = "2026-10-03T11:56:38.318851674Z"

[[symbol]]
identity = "crates/clocx/tests/cli.rs::fresh_commit_shows_in_the_last_hour"
symref = "crates/clocx/tests/cli.rs::fresh_commit_shows_in_the_last_hour"
sig = "32da3d74facf535cd6a3fa0abf0a6389402e8f52b663a2ba108f7a5c34eafe23"
body = "71e6c216bc60836b5bfb80b3325503754ac2d27b3ea8e874f8e5a3120d935465"
doc = "af1349b9f5f9a1a6a0404dea36dcc9499bcb25c9adc112b7cc9a93cae41f3262"
attr = "5d5112f4f4c5bd203fe825f6e45068c972e1b4a49aa4d4ec02f0a5a34dfcad61"
contract = "c7f882324869886d6b17fd66fc32c94caffedee22b8456bc61dcd6442bb09c1c"
acked_by = "lognd <logan@logandapp.com>"
acked_at = "2026-10-03T12:19:49.907119039Z"

[[symbol]]
identity = "crates/clocx/tests/cli.rs::git"
symref = "crates/clocx/tests/cli.rs::git"
sig = "24c205cce0a1e04072080bd58bb04d11401b840ee36b799a0043a5fd577cfffc"
body = "a28f681f667fe3d48aec3a93cc2ed056310f920bd064012b3519863b3b7a4212"
doc = "42bbe0b5ccf56a7ef4f4a3b804c129ebf414198853e252c13b9815367a45eb1e"
attr = "c6caa57c4cde211ae4a1e980814c4f7f67237d21162a188232f5a4aa15b7f217"
contract = "6ec9a7a750c81a10989f9fa5549ef56cde238f144ceabbc5ec8264edba39bb13"
acked_by = "lognd <logan@logandapp.com>"
acked_at = "2026-10-03T12:19:49.907119039Z"

[[symbol]]
identity = "crates/clocx/tests/cli.rs::json_flag_prints_one_parseable_document"
symref = "crates/clocx/tests/cli.rs::json_flag_prints_one_parseable_document"
sig = "85e87003d53195e1b8b808f06d47777fb2b2ba52711b0be8352111040cf8f4fb"
body = "433231e34a5f6df708cfe3407c5848a2ac025a67a6718522bab0377f4dff9e04"
doc = "af1349b9f5f9a1a6a0404dea36dcc9499bcb25c9adc112b7cc9a93cae41f3262"
attr = "5d5112f4f4c5bd203fe825f6e45068c972e1b4a49aa4d4ec02f0a5a34dfcad61"
contract = "c7f882324869886d6b17fd66fc32c94caffedee22b8456bc61dcd6442bb09c1c"
acked_by = "lognd <logan@logandapp.com>"
acked_at = "2026-10-03T12:09:29.252741697Z"

[[symbol]]
identity = "crates/clocx/tests/cli.rs::line"
symref = "crates/clocx/tests/cli.rs::line"
sig = "109a22afab30772d1b9ea783916ba21af050f0fad4102113603665439c395237"
body = "da9c23fc8e10fbbba84852d3e7bdeee8c665c458ec3bb0dd7242efc56c7c2369"
doc = "58a6304f3d422d7c97a661fbd4baf6f6dfa6618564d2d38012f26f1ea4779f1e"
attr = "59fc44d2d699d0d6a8bcee594fe8c3f7ed259d6eab176012252984deab715282"
contract = "5101462713fea1c10622985322eadaf304c2a4682c6e1cbfa38172abbaf98f4d"
acked_by = "lognd <logan@logandapp.com>"
acked_at = "2026-10-03T12:06:26.384949189Z"

[[symbol]]
identity = "crates/clocx/tests/cli.rs::missing_root_fails_with_a_message_on_stderr"
symref = "crates/clocx/tests/cli.rs::missing_root_fails_with_a_message_on_stderr"
sig = "b39e0480072ec51f2b520bf94f5f599cf6b4d5f7ea7a0fd38a72be39c79b1623"
body = "b958280947094cf40905268921a4367ff3979e286a6d7504ac698936761c94ba"
doc = "af1349b9f5f9a1a6a0404dea36dcc9499bcb25c9adc112b7cc9a93cae41f3262"
attr = "5d5112f4f4c5bd203fe825f6e45068c972e1b4a49aa4d4ec02f0a5a34dfcad61"
contract = "c7f882324869886d6b17fd66fc32c94caffedee22b8456bc61dcd6442bb09c1c"
acked_by = "lognd <logan@logandapp.com>"
acked_at = "2026-10-03T11:56:38.318851674Z"

[[symbol]]
identity = "crates/clocx/tests/cli.rs::no_cache_never_shows_change"
symref = "crates/clocx/tests/cli.rs::no_cache_never_shows_change"
sig = "0e15459faa4c4433016a38d0da302e5ea06f7d80e29450c18b98e2e65bc0037a"
body = "37a312b7a66b4e79302ec85da0afd618108aadc0667a060675055c0006485263"
doc = "af1349b9f5f9a1a6a0404dea36dcc9499bcb25c9adc112b7cc9a93cae41f3262"
attr = "5d5112f4f4c5bd203fe825f6e45068c972e1b4a49aa4d4ec02f0a5a34dfcad61"
contract = "c7f882324869886d6b17fd66fc32c94caffedee22b8456bc61dcd6442bb09c1c"
acked_by = "lognd <logan@logandapp.com>"
acked_at = "2026-10-03T12:06:26.384949189Z"

[[symbol]]
identity = "crates/clocx/tests/cli.rs::outside_git_activity_is_unavailable_not_an_error"
symref = "crates/clocx/tests/cli.rs::outside_git_activity_is_unavailable_not_an_error"
sig = "48e1a2b0a38e60639bed664422e938daf3140b3439f870a305ee6c58eac9f4df"
body = "0fd27ab47b78ebee9a96382678e7ed5f2bff2786e884d47a623aa6ecb07ebc91"
doc = "af1349b9f5f9a1a6a0404dea36dcc9499bcb25c9adc112b7cc9a93cae41f3262"
attr = "5d5112f4f4c5bd203fe825f6e45068c972e1b4a49aa4d4ec02f0a5a34dfcad61"
contract = "c7f882324869886d6b17fd66fc32c94caffedee22b8456bc61dcd6442bb09c1c"
acked_by = "lognd <logan@logandapp.com>"
acked_at = "2026-10-03T12:19:49.907119039Z"

[[symbol]]
identity = "crates/clocx/tests/cli.rs::report_into_a_pipe_is_plain_and_succeeds"
symref = "crates/clocx/tests/cli.rs::report_into_a_pipe_is_plain_and_succeeds"
sig = "4950fc846bc81501ed0eb8783c8cd16ce17e4303527caa4401b2407ce5463681"
body = "cc103cc68720913d3c92230e423aa4fdd2c4c9d407ac5336c9ab154be07619fe"
doc = "af1349b9f5f9a1a6a0404dea36dcc9499bcb25c9adc112b7cc9a93cae41f3262"
attr = "5d5112f4f4c5bd203fe825f6e45068c972e1b4a49aa4d4ec02f0a5a34dfcad61"
contract = "c7f882324869886d6b17fd66fc32c94caffedee22b8456bc61dcd6442bb09c1c"
acked_by = "lognd <logan@logandapp.com>"
acked_at = "2026-10-03T11:56:38.318851674Z"

[[symbol]]
identity = "crates/clocx/tests/cli.rs::second_run_shows_change_since_the_first"
symref = "crates/clocx/tests/cli.rs::second_run_shows_change_since_the_first"
sig = "50e1751a5eb34ffefe12d81a1f7d3befbf279682e73e0dfa64974f9cfc540cd6"
body = "8d8ab5388d6e2e09a4fac8cb4f4ffebfeb4783a61a8b5715214c00a06ba1714b"
doc = "af1349b9f5f9a1a6a0404dea36dcc9499bcb25c9adc112b7cc9a93cae41f3262"
attr = "5d5112f4f4c5bd203fe825f6e45068c972e1b4a49aa4d4ec02f0a5a34dfcad61"
contract = "c7f882324869886d6b17fd66fc32c94caffedee22b8456bc61dcd6442bb09c1c"
acked_by = "lognd <logan@logandapp.com>"
acked_at = "2026-10-03T12:06:26.384949189Z"

[[symbol]]
identity = "crates/clocx/tests/cli.rs::worktrees_show_uncommitted_work_and_progress"
symref = "crates/clocx/tests/cli.rs::worktrees_show_uncommitted_work_and_progress"
sig = "f4985c5a95b5d5d90af7ac2fa1024ee1f46d476291b63d77d9fddfbccc4b2e1f"
body = "9af346a5c931fac1959ea45b63f15dda11260cd8f4b14bf1269bdea54dd27514"
doc = "af1349b9f5f9a1a6a0404dea36dcc9499bcb25c9adc112b7cc9a93cae41f3262"
attr = "5d5112f4f4c5bd203fe825f6e45068c972e1b4a49aa4d4ec02f0a5a34dfcad61"
contract = "c7f882324869886d6b17fd66fc32c94caffedee22b8456bc61dcd6442bb09c1c"
acked_by = "lognd <logan@logandapp.com>"
acked_at = "2026-10-03T12:25:49.847238942Z"
