version = 2
digest_scheme = 2

[[symbol]]
identity = "crates/clocx/src/lib.rs"
symref = "crates/clocx/src/lib.rs"
sig = "af1349b9f5f9a1a6a0404dea36dcc9499bcb25c9adc112b7cc9a93cae41f3262"
body = "4af201c2ee32f6b31700ea610c7521d2dc99093176cb39f0f44a5f96d4edc5c8"
doc = "af1349b9f5f9a1a6a0404dea36dcc9499bcb25c9adc112b7cc9a93cae41f3262"
attr = "af1349b9f5f9a1a6a0404dea36dcc9499bcb25c9adc112b7cc9a93cae41f3262"
contract = "af1349b9f5f9a1a6a0404dea36dcc9499bcb25c9adc112b7cc9a93cae41f3262"
acked_by = "lognd <logan@logandapp.com>"
acked_at = "2026-10-03T12:09:29.252741697Z"

[[symbol]]
identity = "crates/clocx/src/lib.rs::build_report"
symref = "crates/clocx/src/lib.rs::build_report"
sig = "2dc6d6966479ca044aa34f50ed95e93355ffc0ffcf66a4d6bfa3226383a2d081"
body = "85c0eddf376616ab642c086038b20b68d863b6c9994357dbe96afb505b6890fa"
doc = "31a0db14c1176c82b43e9a8bacd0e09440a9efecea9d32e7a8b5d339650fbe05"
attr = "3aa50be34a4fe681ac055ad39e2d565c76ab8679cc58f5f8dfb352e8f41b298e"
contract = "6c1ee12b0b2ec5a340000c5a5e416ea98c75509af0d74cebf6da85eb930eead4"
acked_by = "lognd <logan@logandapp.com>"
acked_at = "2026-10-03T12:06:26.384949189Z"

[[symbol]]
identity = "crates/clocx/src/lib.rs::cache"
symref = "crates/clocx/src/lib.rs::cache"
sig = "8c240c1c0e1875f32736d69072f14f9605ecd19bf864d684e43afc128adea249"
body = "af1349b9f5f9a1a6a0404dea36dcc9499bcb25c9adc112b7cc9a93cae41f3262"
doc = "af1349b9f5f9a1a6a0404dea36dcc9499bcb25c9adc112b7cc9a93cae41f3262"
attr = "124743c0fea29c88185bb838d63416294fe5371f04fb7d86db89c9773c82f500"
contract = "aa81551872b12b0dac94b3696afd3d82170b88d9914fe685b5052dbc1bf6af87"
acked_by = "lognd <logan@logandapp.com>"
acked_at = "2026-10-03T12:06:26.384949189Z"

[[symbol]]
identity = "crates/clocx/src/lib.rs::cli"
symref = "crates/clocx/src/lib.rs::cli"
sig = "c76f19c7fa95c4ca618fd0209e13a7154eeb734bde59fa099380bcaf6e03f95a"
body = "af1349b9f5f9a1a6a0404dea36dcc9499bcb25c9adc112b7cc9a93cae41f3262"
doc = "af1349b9f5f9a1a6a0404dea36dcc9499bcb25c9adc112b7cc9a93cae41f3262"
attr = "124743c0fea29c88185bb838d63416294fe5371f04fb7d86db89c9773c82f500"
contract = "aa81551872b12b0dac94b3696afd3d82170b88d9914fe685b5052dbc1bf6af87"
acked_by = "lognd <logan@logandapp.com>"
acked_at = "2026-10-03T11:56:38.318851674Z"

[[symbol]]
identity = "crates/clocx/src/lib.rs::error"
symref = "crates/clocx/src/lib.rs::error"
sig = "2bd418fc4e2c1aaac939b3172188b5be830851aa41ea7718c7e7b1e4759099c1"
body = "af1349b9f5f9a1a6a0404dea36dcc9499bcb25c9adc112b7cc9a93cae41f3262"
doc = "af1349b9f5f9a1a6a0404dea36dcc9499bcb25c9adc112b7cc9a93cae41f3262"
attr = "124743c0fea29c88185bb838d63416294fe5371f04fb7d86db89c9773c82f500"
contract = "aa81551872b12b0dac94b3696afd3d82170b88d9914fe685b5052dbc1bf6af87"
acked_by = "lognd <logan@logandapp.com>"
acked_at = "2026-10-03T11:56:38.318851674Z"

[[symbol]]
identity = "crates/clocx/src/lib.rs::logging"
symref = "crates/clocx/src/lib.rs::logging"
sig = "e7aa6ddf8559e10beda7a41ac5ac39f9f9968aaa6f033933ad1e1116d0f450d2"
body = "af1349b9f5f9a1a6a0404dea36dcc9499bcb25c9adc112b7cc9a93cae41f3262"
doc = "af1349b9f5f9a1a6a0404dea36dcc9499bcb25c9adc112b7cc9a93cae41f3262"
attr = "124743c0fea29c88185bb838d63416294fe5371f04fb7d86db89c9773c82f500"
contract = "aa81551872b12b0dac94b3696afd3d82170b88d9914fe685b5052dbc1bf6af87"
acked_by = "lognd <logan@logandapp.com>"
acked_at = "2026-10-03T11:56:38.318851674Z"

[[symbol]]
identity = "crates/clocx/src/lib.rs::model"
symref = "crates/clocx/src/lib.rs::model"
sig = "34afc10c7e15ee9f81ef4b0fe4a06a81cd3c1105148ca717439722491504ff53"
body = "af1349b9f5f9a1a6a0404dea36dcc9499bcb25c9adc112b7cc9a93cae41f3262"
doc = "af1349b9f5f9a1a6a0404dea36dcc9499bcb25c9adc112b7cc9a93cae41f3262"
attr = "124743c0fea29c88185bb838d63416294fe5371f04fb7d86db89c9773c82f500"
contract = "aa81551872b12b0dac94b3696afd3d82170b88d9914fe685b5052dbc1bf6af87"
acked_by = "lognd <logan@logandapp.com>"
acked_at = "2026-10-03T11:56:38.318851674Z"

[[symbol]]
identity = "crates/clocx/src/lib.rs::render"
symref = "crates/clocx/src/lib.rs::render"
sig = "198aed532695c30d68977373cc17fb95fbd6242c70d5ea50dcdd11c3fe8257be"
body = "af1349b9f5f9a1a6a0404dea36dcc9499bcb25c9adc112b7cc9a93cae41f3262"
doc = "af1349b9f5f9a1a6a0404dea36dcc9499bcb25c9adc112b7cc9a93cae41f3262"
attr = "124743c0fea29c88185bb838d63416294fe5371f04fb7d86db89c9773c82f500"
contract = "aa81551872b12b0dac94b3696afd3d82170b88d9914fe685b5052dbc1bf6af87"
acked_by = "lognd <logan@logandapp.com>"
acked_at = "2026-10-03T11:56:38.318851674Z"

[[symbol]]
identity = "crates/clocx/src/lib.rs::run"
symref = "crates/clocx/src/lib.rs::run"
sig = "9627d71e72af87308f067e7034b3636aeabdb0f377107e0ae6f37dd45abb3935"
body = "5ab878a0d128ba06bcb69ff5acc3f05c1327429aca36d30ca3133a5feb6f6e90"
doc = "c247eefe97ccf4181225436678d2ecdc1fc33f4d6ef0e3807a398c6865ff6c94"
attr = "ecc6767c1c2ca861d3d97230e1d8df0edc8537e533adc5200fb33dadc7cff031"
contract = "4e81102ebe88412a0d0ac92ee70ce2a36fcc8b2eb0602fa0968e3cd3b7694166"
acked_by = "lognd <logan@logandapp.com>"
acked_at = "2026-10-03T11:56:38.318851674Z"

[[symbol]]
identity = "crates/clocx/src/lib.rs::run_with"
symref = "crates/clocx/src/lib.rs::run_with"
sig = "b102913d225665e741329138d6b82731ae1c8129f04b59059af5e5f0d69fec1d"
body = "d800c88c44da8cebc0d0e21871c6e9fb4d55d3385248bdaf19cdcc4aa1ac8530"
doc = "d67f934b1e0c1f83c5a543f1900a60194b1f945d96fbef409b1f9b5fab39d327"
attr = "15389eaf2bc7f4cd08ee4ea1ef78eaecad55279560338946cdd8d496ad3585a0"
contract = "354db85b245e75865898cbe6fa94e173d1b9a2bd19c8b6dd034b9d992898717e"
acked_by = "lognd <logan@logandapp.com>"
acked_at = "2026-10-03T12:09:29.252741697Z"

[[symbol]]
identity = "crates/clocx/src/lib.rs::tests"
symref = "crates/clocx/src/lib.rs::tests"
sig = "5f7e95cb480785c3a423257546c227aa5707125db96495e822a3cbecb547e068"
body = "19092ed818e64e51e30f948fca31b53b0a24cfe6943d9f8f9cde385e75002761"
doc = "af1349b9f5f9a1a6a0404dea36dcc9499bcb25c9adc112b7cc9a93cae41f3262"
attr = "9238683eeaedc18685b970478ad4825a1a435b672ea864882410ad9ec6c5b66f"
contract = "eef0156898c1a2f6987bb2a114ce36898520addb285b8e6fe385cd99e5ae5269"
acked_by = "lognd <logan@logandapp.com>"
acked_at = "2026-10-03T12:06:26.384949189Z"

[[symbol]]
identity = "crates/clocx/src/lib.rs::tests.args"
symref = "crates/clocx/src/lib.rs::tests.args"
sig = "5e63581d9e1ce439789052320c11c6e3a43139db1008907c725a019873455e76"
body = "dbd3b15edb2468e3f46e20cbae87586021d6e93dfb47837c8ec49347f9905241"
doc = "af1349b9f5f9a1a6a0404dea36dcc9499bcb25c9adc112b7cc9a93cae41f3262"
attr = "fecdfe1627e50d9a1ab8e533251b4ffc88796df0b3332ad2eec19f03c291df3f"
contract = "e606130dca214cab837495bdb8bcd4b82d1b5493c2fb462848bac496a8ea8abb"
acked_by = "lognd <logan@logandapp.com>"
acked_at = "2026-10-03T12:06:26.384949189Z"

[[symbol]]
identity = "crates/clocx/src/lib.rs::tests.build_report_canonicalises_the_root"
symref = "crates/clocx/src/lib.rs::tests.build_report_canonicalises_the_root"
sig = "067130fe296b62546b85e48fc18be785f8c58831f75a8c293aaac8b047998cd8"
body = "0ef47d7a39c289b9b5cda4ea6ddb12a1bb44ed5ca5fcb31f8c6df24e7add6266"
doc = "af1349b9f5f9a1a6a0404dea36dcc9499bcb25c9adc112b7cc9a93cae41f3262"
attr = "5d5112f4f4c5bd203fe825f6e45068c972e1b4a49aa4d4ec02f0a5a34dfcad61"
contract = "c7f882324869886d6b17fd66fc32c94caffedee22b8456bc61dcd6442bb09c1c"
acked_by = "lognd <logan@logandapp.com>"
acked_at = "2026-10-03T11:56:38.318851674Z"

[[symbol]]
identity = "crates/clocx/src/lib.rs::tests.build_report_rejects_a_missing_root"
symref = "crates/clocx/src/lib.rs::tests.build_report_rejects_a_missing_root"
sig = "4da70e1a6e4b449cd4c2a8315796c131b88766274f8a60e904fdefd802ed44d7"
body = "f92246fccd01adff6951d298f4c5b7562115272b3cb6c16d88d59fb847dd6462"
doc = "af1349b9f5f9a1a6a0404dea36dcc9499bcb25c9adc112b7cc9a93cae41f3262"
attr = "5d5112f4f4c5bd203fe825f6e45068c972e1b4a49aa4d4ec02f0a5a34dfcad61"
contract = "c7f882324869886d6b17fd66fc32c94caffedee22b8456bc61dcd6442bb09c1c"
acked_by = "lognd <logan@logandapp.com>"
acked_at = "2026-10-03T11:56:38.318851674Z"

[[symbol]]
identity = "crates/clocx/src/lib.rs::tests.run_with_writes_the_report"
symref = "crates/clocx/src/lib.rs::tests.run_with_writes_the_report"
sig = "e7b68d814624e4b8fc59db69206d0fa53a36b6b686133621d8b653e49348d94d"
body = "425caaf56c0466aa7edffcb28d42f9522f5a23bd183ccb82d9230792e8f58d27"
doc = "af1349b9f5f9a1a6a0404dea36dcc9499bcb25c9adc112b7cc9a93cae41f3262"
attr = "5d5112f4f4c5bd203fe825f6e45068c972e1b4a49aa4d4ec02f0a5a34dfcad61"
contract = "c7f882324869886d6b17fd66fc32c94caffedee22b8456bc61dcd6442bb09c1c"
acked_by = "lognd <logan@logandapp.com>"
acked_at = "2026-10-03T11:56:38.318851674Z"

[[symbol]]
identity = "crates/clocx/src/lib.rs::totals"
symref = "crates/clocx/src/lib.rs::totals"
sig = "f6cee50eac67b1a70776c6167760b3329b5b758adf563422fcff199d7545de18"
body = "af1349b9f5f9a1a6a0404dea36dcc9499bcb25c9adc112b7cc9a93cae41f3262"
doc = "af1349b9f5f9a1a6a0404dea36dcc9499bcb25c9adc112b7cc9a93cae41f3262"
attr = "124743c0fea29c88185bb838d63416294fe5371f04fb7d86db89c9773c82f500"
contract = "aa81551872b12b0dac94b3696afd3d82170b88d9914fe685b5052dbc1bf6af87"
acked_by = "lognd <logan@logandapp.com>"
acked_at = "2026-10-03T12:06:26.384949189Z"

[[symbol]]
identity = "crates/clocx/src/main.rs"
symref = "crates/clocx/src/main.rs"
sig = "af1349b9f5f9a1a6a0404dea36dcc9499bcb25c9adc112b7cc9a93cae41f3262"
body = "da390889b96f105ef05ac3579ba5f79d5ff0a4d438379390fdea8feb272ef9f0"
doc = "af1349b9f5f9a1a6a0404dea36dcc9499bcb25c9adc112b7cc9a93cae41f3262"
attr = "af1349b9f5f9a1a6a0404dea36dcc9499bcb25c9adc112b7cc9a93cae41f3262"
contract = "af1349b9f5f9a1a6a0404dea36dcc9499bcb25c9adc112b7cc9a93cae41f3262"
acked_by = "lognd <logan@logandapp.com>"
acked_at = "2026-10-03T12:06:26.384949189Z"

[[symbol]]
identity = "crates/clocx/src/main.rs::main"
symref = "crates/clocx/src/main.rs::main"
sig = "4a75df8e283c5fcc3b01d1125533059ef5d408f888474a1dc61d4315b2ad5381"
body = "15fe91f484d4c232f890f721676e94484ced827abca047d42cdb05fd3ee3fa09"
doc = "af1349b9f5f9a1a6a0404dea36dcc9499bcb25c9adc112b7cc9a93cae41f3262"
attr = "fd289a9441e0f595ea78ae13198b64aa75463fbab0bb950c74a620525e070cd3"
contract = "addfd4e0334502ab2c49f01bd2486199c693e2abe701a42b20d95f72de1abcd1"
acked_by = "lognd <logan@logandapp.com>"
acked_at = "2026-10-03T11:56:38.318851674Z"

[[symbol]]
identity = "crates/clocx/tests/cli.rs"
symref = "crates/clocx/tests/cli.rs"
sig = "af1349b9f5f9a1a6a0404dea36dcc9499bcb25c9adc112b7cc9a93cae41f3262"
body = "6cd1e181296c5ab182f7c83325fe27997f250925f5b78207c0b4f7917c9b538f"
doc = "af1349b9f5f9a1a6a0404dea36dcc9499bcb25c9adc112b7cc9a93cae41f3262"
attr = "af1349b9f5f9a1a6a0404dea36dcc9499bcb25c9adc112b7cc9a93cae41f3262"
contract = "af1349b9f5f9a1a6a0404dea36dcc9499bcb25c9adc112b7cc9a93cae41f3262"
acked_by = "lognd <logan@logandapp.com>"
acked_at = "2026-10-03T12:09:29.252741697Z"

[[symbol]]
identity = "crates/clocx/tests/cli.rs::clocx"
symref = "crates/clocx/tests/cli.rs::clocx"
sig = "9601fa63fde0ef79b8617e08c7f6e2ea03d6e242c49cf85e1ee62875d8c8aafd"
body = "f490a9fa891026182a0b83c61baf0099d669d374a551039f035352a6f62cd634"
doc = "e4dcee91e10f80381b8ce53d6ea3a383aa5c1a0f4a02f96d5a5b12aa1373f794"
attr = "34ca47a4dc010f52a48657fd9822b94d00ec71fa4bd7d08844cb4cf2c3a6cbf0"
contract = "1eeef2982991d9a5cb3cc0efdbb8dfb9231698bab0681da109e47cda2b7060aa"
acked_by = "lognd <logan@logandapp.com>"
acked_at = "2026-10-03T12:06:26.384949189Z"

[[symbol]]
identity = "crates/clocx/tests/cli.rs::clocx_cached"
symref = "crates/clocx/tests/cli.rs::clocx_cached"
sig = "25ae11f097a3bbfad88f0bf92eb1dbf1b7e606bec151f90ef6de10b82eb7d333"
body = "546d63617e418dc1a61c13646e129b8e9c81c87b1940dbc42a7c3bd05d0814e8"
doc = "b8a8430556975c767165f1770148601630f82fa2b879f4aaebbdd3452f1bb33e"
attr = "9153714d5d3c59e66cb560e39b6a63714cfaf9447e38755260d265430c68671b"
contract = "4b031979602561e985e677989bea6fa3742a776184bc139ccb6bda89168bee61"
acked_by = "lognd <logan@logandapp.com>"
acked_at = "2026-10-03T12:06:26.384949189Z"

[[symbol]]
identity = "crates/clocx/tests/cli.rs::color_always_forces_escapes_into_a_pipe"
symref = "crates/clocx/tests/cli.rs::color_always_forces_escapes_into_a_pipe"
sig = "0e4521d6858cd8c6532bb71ba46b163f82fde281fc4fbc4ecb01b9a3def084ff"
body = "73a0875d4dff662331f78840ca0165f3dda545f9f8df450624860523dbb260bf"
doc = "af1349b9f5f9a1a6a0404dea36dcc9499bcb25c9adc112b7cc9a93cae41f3262"
attr = "5d5112f4f4c5bd203fe825f6e45068c972e1b4a49aa4d4ec02f0a5a34dfcad61"
contract = "c7f882324869886d6b17fd66fc32c94caffedee22b8456bc61dcd6442bb09c1c"
acked_by = "lognd <logan@logandapp.com>"
acked_at = "2026-10-03T11:56:38.318851674Z"

[[symbol]]
identity = "crates/clocx/tests/cli.rs::json_flag_prints_one_parseable_document"
symref = "crates/clocx/tests/cli.rs::json_flag_prints_one_parseable_document"
sig = "85e87003d53195e1b8b808f06d47777fb2b2ba52711b0be8352111040cf8f4fb"
body = "433231e34a5f6df708cfe3407c5848a2ac025a67a6718522bab0377f4dff9e04"
doc = "af1349b9f5f9a1a6a0404dea36dcc9499bcb25c9adc112b7cc9a93cae41f3262"
attr = "5d5112f4f4c5bd203fe825f6e45068c972e1b4a49aa4d4ec02f0a5a34dfcad61"
contract = "c7f882324869886d6b17fd66fc32c94caffedee22b8456bc61dcd6442bb09c1c"
acked_by = "lognd <logan@logandapp.com>"
acked_at = "2026-10-03T12:09:29.252741697Z"

[[symbol]]
identity = "crates/clocx/tests/cli.rs::line"
symref = "crates/clocx/tests/cli.rs::line"
sig = "109a22afab30772d1b9ea783916ba21af050f0fad4102113603665439c395237"
body = "da9c23fc8e10fbbba84852d3e7bdeee8c665c458ec3bb0dd7242efc56c7c2369"
doc = "58a6304f3d422d7c97a661fbd4baf6f6dfa6618564d2d38012f26f1ea4779f1e"
attr = "59fc44d2d699d0d6a8bcee594fe8c3f7ed259d6eab176012252984deab715282"
contract = "5101462713fea1c10622985322eadaf304c2a4682c6e1cbfa38172abbaf98f4d"
acked_by = "lognd <logan@logandapp.com>"
acked_at = "2026-10-03T12:06:26.384949189Z"

[[symbol]]
identity = "crates/clocx/tests/cli.rs::missing_root_fails_with_a_message_on_stderr"
symref = "crates/clocx/tests/cli.rs::missing_root_fails_with_a_message_on_stderr"
sig = "b39e0480072ec51f2b520bf94f5f599cf6b4d5f7ea7a0fd38a72be39c79b1623"
body = "b958280947094cf40905268921a4367ff3979e286a6d7504ac698936761c94ba"
doc = "af1349b9f5f9a1a6a0404dea36dcc9499bcb25c9adc112b7cc9a93cae41f3262"
attr = "5d5112f4f4c5bd203fe825f6e45068c972e1b4a49aa4d4ec02f0a5a34dfcad61"
contract = "c7f882324869886d6b17fd66fc32c94caffedee22b8456bc61dcd6442bb09c1c"
acked_by = "lognd <logan@logandapp.com>"
acked_at = "2026-10-03T11:56:38.318851674Z"

[[symbol]]
identity = "crates/clocx/tests/cli.rs::no_cache_never_shows_change"
symref = "crates/clocx/tests/cli.rs::no_cache_never_shows_change"
sig = "0e15459faa4c4433016a38d0da302e5ea06f7d80e29450c18b98e2e65bc0037a"
body = "37a312b7a66b4e79302ec85da0afd618108aadc0667a060675055c0006485263"
doc = "af1349b9f5f9a1a6a0404dea36dcc9499bcb25c9adc112b7cc9a93cae41f3262"
attr = "5d5112f4f4c5bd203fe825f6e45068c972e1b4a49aa4d4ec02f0a5a34dfcad61"
contract = "c7f882324869886d6b17fd66fc32c94caffedee22b8456bc61dcd6442bb09c1c"
acked_by = "lognd <logan@logandapp.com>"
acked_at = "2026-10-03T12:06:26.384949189Z"

[[symbol]]
identity = "crates/clocx/tests/cli.rs::report_into_a_pipe_is_plain_and_succeeds"
symref = "crates/clocx/tests/cli.rs::report_into_a_pipe_is_plain_and_succeeds"
sig = "4950fc846bc81501ed0eb8783c8cd16ce17e4303527caa4401b2407ce5463681"
body = "cc103cc68720913d3c92230e423aa4fdd2c4c9d407ac5336c9ab154be07619fe"
doc = "af1349b9f5f9a1a6a0404dea36dcc9499bcb25c9adc112b7cc9a93cae41f3262"
attr = "5d5112f4f4c5bd203fe825f6e45068c972e1b4a49aa4d4ec02f0a5a34dfcad61"
contract = "c7f882324869886d6b17fd66fc32c94caffedee22b8456bc61dcd6442bb09c1c"
acked_by = "lognd <logan@logandapp.com>"
acked_at = "2026-10-03T11:56:38.318851674Z"

[[symbol]]
identity = "crates/clocx/tests/cli.rs::second_run_shows_change_since_the_first"
symref = "crates/clocx/tests/cli.rs::second_run_shows_change_since_the_first"
sig = "50e1751a5eb34ffefe12d81a1f7d3befbf279682e73e0dfa64974f9cfc540cd6"
body = "8d8ab5388d6e2e09a4fac8cb4f4ffebfeb4783a61a8b5715214c00a06ba1714b"
doc = "af1349b9f5f9a1a6a0404dea36dcc9499bcb25c9adc112b7cc9a93cae41f3262"
attr = "5d5112f4f4c5bd203fe825f6e45068c972e1b4a49aa4d4ec02f0a5a34dfcad61"
contract = "c7f882324869886d6b17fd66fc32c94caffedee22b8456bc61dcd6442bb09c1c"
acked_by = "lognd <logan@logandapp.com>"
acked_at = "2026-10-03T12:06:26.384949189Z"
